// !$*UTF8*$!
{
	archiveVersion = 1;
	classes = {
	};
	objectVersion = 48;
	objects = {

/* Begin PBXBuildFile section */
		84A07EE614A7B0E4F51BFA8E /* Pods_GitHubSearcher.framework in Frameworks */ = {isa = PBXBuildFile; fileRef = B24BE9989DEBC93D51825F3F /* Pods_GitHubSearcher.framework */; };
		F4FE214C20417C0C00FD72A7 /* AppDelegate.swift in Sources */ = {isa = PBXBuildFile; fileRef = F4FE214B20417C0C00FD72A7 /* AppDelegate.swift */; };
		F4FE215120417C0C00FD72A7 /* Main.storyboard in Resources */ = {isa = PBXBuildFile; fileRef = F4FE214F20417C0C00FD72A7 /* Main.storyboard */; };
		F4FE215320417C0C00FD72A7 /* Assets.xcassets in Resources */ = {isa = PBXBuildFile; fileRef = F4FE215220417C0C00FD72A7 /* Assets.xcassets */; };
		F4FE215620417C0C00FD72A7 /* LaunchScreen.storyboard in Resources */ = {isa = PBXBuildFile; fileRef = F4FE215420417C0C00FD72A7 /* LaunchScreen.storyboard */; };
		F4FE21862041915C00FD72A7 /* GitHubApiService.swift in Sources */ = {isa = PBXBuildFile; fileRef = F4FE21852041915C00FD72A7 /* GitHubApiService.swift */; };
		F4FE218C204195AA00FD72A7 /* Searcher.storyboard in Resources */ = {isa = PBXBuildFile; fileRef = F4FE218B204195AA00FD72A7 /* Searcher.storyboard */; };
		F4FE218F20419E6800FD72A7 /* Details.storyboard in Resources */ = {isa = PBXBuildFile; fileRef = F4FE218E20419E6800FD72A7 /* Details.storyboard */; };
		F4FE21982041A4A200FD72A7 /* SearcherPresenter.swift in Sources */ = {isa = PBXBuildFile; fileRef = F4FE21922041A4A200FD72A7 /* SearcherPresenter.swift */; };
		F4FE21992041A4A200FD72A7 /* SearcherWorker.swift in Sources */ = {isa = PBXBuildFile; fileRef = F4FE21932041A4A200FD72A7 /* SearcherWorker.swift */; };
		F4FE219A2041A4A200FD72A7 /* SearcherRouter.swift in Sources */ = {isa = PBXBuildFile; fileRef = F4FE21942041A4A200FD72A7 /* SearcherRouter.swift */; };
		F4FE219B2041A4A200FD72A7 /* SearcherModels.swift in Sources */ = {isa = PBXBuildFile; fileRef = F4FE21952041A4A200FD72A7 /* SearcherModels.swift */; };
		F4FE219C2041A4A200FD72A7 /* SearcherViewController.swift in Sources */ = {isa = PBXBuildFile; fileRef = F4FE21962041A4A200FD72A7 /* SearcherViewController.swift */; };
		F4FE219D2041A4A200FD72A7 /* SearcherInteractor.swift in Sources */ = {isa = PBXBuildFile; fileRef = F4FE21972041A4A200FD72A7 /* SearcherInteractor.swift */; };
		F4FE21A82041A66A00FD72A7 /* DetailsPresenter.swift in Sources */ = {isa = PBXBuildFile; fileRef = F4FE21A22041A66A00FD72A7 /* DetailsPresenter.swift */; };
		F4FE21A92041A66A00FD72A7 /* DetailsWorker.swift in Sources */ = {isa = PBXBuildFile; fileRef = F4FE21A32041A66A00FD72A7 /* DetailsWorker.swift */; };
		F4FE21AA2041A66A00FD72A7 /* DetailsRouter.swift in Sources */ = {isa = PBXBuildFile; fileRef = F4FE21A42041A66A00FD72A7 /* DetailsRouter.swift */; };
		F4FE21AB2041A66A00FD72A7 /* DetailsModels.swift in Sources */ = {isa = PBXBuildFile; fileRef = F4FE21A52041A66A00FD72A7 /* DetailsModels.swift */; };
		F4FE21AC2041A66A00FD72A7 /* DetailsViewController.swift in Sources */ = {isa = PBXBuildFile; fileRef = F4FE21A62041A66A00FD72A7 /* DetailsViewController.swift */; };
		F4FE21AD2041A66A00FD72A7 /* DetailsInteractor.swift in Sources */ = {isa = PBXBuildFile; fileRef = F4FE21A72041A66A00FD72A7 /* DetailsInteractor.swift */; };
		F4FE21B72041AE1100FD72A7 /* UIViewExtension.swift in Sources */ = {isa = PBXBuildFile; fileRef = F4FE21B62041AE1100FD72A7 /* UIViewExtension.swift */; };
		F4FE21BB2041AF7D00FD72A7 /* ShadowSide.swift in Sources */ = {isa = PBXBuildFile; fileRef = F4FE21BA2041AF7D00FD72A7 /* ShadowSide.swift */; };
/* End PBXBuildFile section */

/* Begin PBXContainerItemProxy section */
		F4FE21812041914700FD72A7 /* PBXContainerItemProxy */ = {
			isa = PBXContainerItemProxy;
			containerPortal = F4FE217C2041914700FD72A7 /* Pods.xcodeproj */;
			proxyType = 2;
			remoteGlobalIDString = 2FEA01266D0642459191BB90ED134064;
			remoteInfo = Alamofire;
		};
		F4FE21832041914700FD72A7 /* PBXContainerItemProxy */ = {
			isa = PBXContainerItemProxy;
			containerPortal = F4FE217C2041914700FD72A7 /* Pods.xcodeproj */;
			proxyType = 2;
			remoteGlobalIDString = 051746533F7BC42CAE45C54E6422D103;
			remoteInfo = "Pods-GitHubSearcher";
		};
/* End PBXContainerItemProxy section */

/* Begin PBXFileReference section */
		7BECB81967B79B96D8D0BF7B /* Pods-GitHubSearcher.release.xcconfig */ = {isa = PBXFileReference; includeInIndex = 1; lastKnownFileType = text.xcconfig; name = "Pods-GitHubSearcher.release.xcconfig"; path = "Pods/Target Support Files/Pods-GitHubSearcher/Pods-GitHubSearcher.release.xcconfig"; sourceTree = "<group>"; };
		B24BE9989DEBC93D51825F3F /* Pods_GitHubSearcher.framework */ = {isa = PBXFileReference; explicitFileType = wrapper.framework; includeInIndex = 0; path = Pods_GitHubSearcher.framework; sourceTree = BUILT_PRODUCTS_DIR; };
		DDD169C8C532B68570DF789C /* Pods-GitHubSearcher.debug.xcconfig */ = {isa = PBXFileReference; includeInIndex = 1; lastKnownFileType = text.xcconfig; name = "Pods-GitHubSearcher.debug.xcconfig"; path = "Pods/Target Support Files/Pods-GitHubSearcher/Pods-GitHubSearcher.debug.xcconfig"; sourceTree = "<group>"; };
		F4FE214820417C0C00FD72A7 /* GitHubSearcher.app */ = {isa = PBXFileReference; explicitFileType = wrapper.application; includeInIndex = 0; path = GitHubSearcher.app; sourceTree = BUILT_PRODUCTS_DIR; };
		F4FE214B20417C0C00FD72A7 /* AppDelegate.swift */ = {isa = PBXFileReference; lastKnownFileType = sourcecode.swift; path = AppDelegate.swift; sourceTree = "<group>"; };
		F4FE215020417C0C00FD72A7 /* Base */ = {isa = PBXFileReference; lastKnownFileType = file.storyboard; name = Base; path = Base.lproj/Main.storyboard; sourceTree = "<group>"; };
		F4FE215220417C0C00FD72A7 /* Assets.xcassets */ = {isa = PBXFileReference; lastKnownFileType = folder.assetcatalog; path = Assets.xcassets; sourceTree = "<group>"; };
		F4FE215520417C0C00FD72A7 /* Base */ = {isa = PBXFileReference; lastKnownFileType = file.storyboard; name = Base; path = Base.lproj/LaunchScreen.storyboard; sourceTree = "<group>"; };
		F4FE215720417C0C00FD72A7 /* Info.plist */ = {isa = PBXFileReference; lastKnownFileType = text.plist.xml; path = Info.plist; sourceTree = "<group>"; };
		F4FE217C2041914700FD72A7 /* Pods.xcodeproj */ = {isa = PBXFileReference; lastKnownFileType = "wrapper.pb-project"; name = Pods.xcodeproj; path = Pods/Pods.xcodeproj; sourceTree = "<group>"; };
		F4FE21852041915C00FD72A7 /* GitHubApiService.swift */ = {isa = PBXFileReference; lastKnownFileType = sourcecode.swift; path = GitHubApiService.swift; sourceTree = "<group>"; };
		F4FE218B204195AA00FD72A7 /* Searcher.storyboard */ = {isa = PBXFileReference; lastKnownFileType = file.storyboard; path = Searcher.storyboard; sourceTree = "<group>"; };
		F4FE218E20419E6800FD72A7 /* Details.storyboard */ = {isa = PBXFileReference; lastKnownFileType = file.storyboard; path = Details.storyboard; sourceTree = "<group>"; };
		F4FE21922041A4A200FD72A7 /* SearcherPresenter.swift */ = {isa = PBXFileReference; lastKnownFileType = sourcecode.swift; path = SearcherPresenter.swift; sourceTree = "<group>"; };
		F4FE21932041A4A200FD72A7 /* SearcherWorker.swift */ = {isa = PBXFileReference; lastKnownFileType = sourcecode.swift; path = SearcherWorker.swift; sourceTree = "<group>"; };
		F4FE21942041A4A200FD72A7 /* SearcherRouter.swift */ = {isa = PBXFileReference; lastKnownFileType = sourcecode.swift; path = SearcherRouter.swift; sourceTree = "<group>"; };
		F4FE21952041A4A200FD72A7 /* SearcherModels.swift */ = {isa = PBXFileReference; lastKnownFileType = sourcecode.swift; path = SearcherModels.swift; sourceTree = "<group>"; };
		F4FE21962041A4A200FD72A7 /* SearcherViewController.swift */ = {isa = PBXFileReference; lastKnownFileType = sourcecode.swift; path = SearcherViewController.swift; sourceTree = "<group>"; };
		F4FE21972041A4A200FD72A7 /* SearcherInteractor.swift */ = {isa = PBXFileReference; lastKnownFileType = sourcecode.swift; path = SearcherInteractor.swift; sourceTree = "<group>"; };
		F4FE21A22041A66A00FD72A7 /* DetailsPresenter.swift */ = {isa = PBXFileReference; lastKnownFileType = sourcecode.swift; path = DetailsPresenter.swift; sourceTree = "<group>"; };
		F4FE21A32041A66A00FD72A7 /* DetailsWorker.swift */ = {isa = PBXFileReference; lastKnownFileType = sourcecode.swift; path = DetailsWorker.swift; sourceTree = "<group>"; };
		F4FE21A42041A66A00FD72A7 /* DetailsRouter.swift */ = {isa = PBXFileReference; lastKnownFileType = sourcecode.swift; path = DetailsRouter.swift; sourceTree = "<group>"; };
		F4FE21A52041A66A00FD72A7 /* DetailsModels.swift */ = {isa = PBXFileReference; lastKnownFileType = sourcecode.swift; path = DetailsModels.swift; sourceTree = "<group>"; };
		F4FE21A62041A66A00FD72A7 /* DetailsViewController.swift */ = {isa = PBXFileReference; lastKnownFileType = sourcecode.swift; path = DetailsViewController.swift; sourceTree = "<group>"; };
		F4FE21A72041A66A00FD72A7 /* DetailsInteractor.swift */ = {isa = PBXFileReference; lastKnownFileType = sourcecode.swift; path = DetailsInteractor.swift; sourceTree = "<group>"; };
		F4FE21B62041AE1100FD72A7 /* UIViewExtension.swift */ = {isa = PBXFileReference; lastKnownFileType = sourcecode.swift; path = UIViewExtension.swift; sourceTree = "<group>"; };
		F4FE21BA2041AF7D00FD72A7 /* ShadowSide.swift */ = {isa = PBXFileReference; lastKnownFileType = sourcecode.swift; path = ShadowSide.swift; sourceTree = "<group>"; };
/* End PBXFileReference section */

/* Begin PBXFrameworksBuildPhase section */
		F4FE214520417C0C00FD72A7 /* Frameworks */ = {
			isa = PBXFrameworksBuildPhase;
			buildActionMask = 2147483647;
			files = (
				84A07EE614A7B0E4F51BFA8E /* Pods_GitHubSearcher.framework in Frameworks */,
			);
			runOnlyForDeploymentPostprocessing = 0;
		};
/* End PBXFrameworksBuildPhase section */

/* Begin PBXGroup section */
		226FCE91D35FA00BB8EB7E64 /* Pods */ = {
			isa = PBXGroup;
			children = (
				DDD169C8C532B68570DF789C /* Pods-GitHubSearcher.debug.xcconfig */,
				7BECB81967B79B96D8D0BF7B /* Pods-GitHubSearcher.release.xcconfig */,
			);
			name = Pods;
			sourceTree = "<group>";
		};
		3B9228D9DFF80C11DD594B7F /* Frameworks */ = {
			isa = PBXGroup;
			children = (
				B24BE9989DEBC93D51825F3F /* Pods_GitHubSearcher.framework */,
			);
			name = Frameworks;
			sourceTree = "<group>";
		};
		F4FE213F20417C0C00FD72A7 = {
			isa = PBXGroup;
			children = (
				F4FE217C2041914700FD72A7 /* Pods.xcodeproj */,
				F4FE214A20417C0C00FD72A7 /* GitHubSearcher */,
				F4FE214920417C0C00FD72A7 /* Products */,
				226FCE91D35FA00BB8EB7E64 /* Pods */,
				3B9228D9DFF80C11DD594B7F /* Frameworks */,
			);
			sourceTree = "<group>";
		};
		F4FE214920417C0C00FD72A7 /* Products */ = {
			isa = PBXGroup;
			children = (
				F4FE214820417C0C00FD72A7 /* GitHubSearcher.app */,
			);
			name = Products;
			sourceTree = "<group>";
		};
		F4FE214A20417C0C00FD72A7 /* GitHubSearcher */ = {
			isa = PBXGroup;
			children = (
				F4FE217B2041913B00FD72A7 /* services */,
				F4FE215E20417DA800FD72A7 /* scenes */,
				F4FE215D20417D4900FD72A7 /* commons */,
				F4FE215720417C0C00FD72A7 /* Info.plist */,
			);
			path = GitHubSearcher;
			sourceTree = "<group>";
		};
		F4FE215D20417D4900FD72A7 /* commons */ = {
			isa = PBXGroup;
			children = (
				F4FE21B82041AF4F00FD72A7 /* enums */,
				F4FE21B32041ADF200FD72A7 /* extensions */,
				F4FE214B20417C0C00FD72A7 /* AppDelegate.swift */,
				F4FE214F20417C0C00FD72A7 /* Main.storyboard */,
				F4FE215220417C0C00FD72A7 /* Assets.xcassets */,
				F4FE215420417C0C00FD72A7 /* LaunchScreen.storyboard */,
			);
			path = commons;
			sourceTree = "<group>";
		};
		F4FE215E20417DA800FD72A7 /* scenes */ = {
			isa = PBXGroup;
			children = (
				F4FE218D2041963300FD72A7 /* details */,
				F4FE218A2041957600FD72A7 /* searcher */,
			);
			path = scenes;
			sourceTree = "<group>";
		};
		F4FE217B2041913B00FD72A7 /* services */ = {
			isa = PBXGroup;
			children = (
				F4FE21852041915C00FD72A7 /* GitHubApiService.swift */,
			);
			path = services;
			sourceTree = "<group>";
		};
		F4FE217D2041914700FD72A7 /* Products */ = {
			isa = PBXGroup;
			children = (
				F4FE21822041914700FD72A7 /* Alamofire.framework */,
				F4FE21842041914700FD72A7 /* Pods_GitHubSearcher.framework */,
			);
			name = Products;
			sourceTree = "<group>";
		};
		F4FE218A2041957600FD72A7 /* searcher */ = {
			isa = PBXGroup;
			children = (
				F4FE218B204195AA00FD72A7 /* Searcher.storyboard */,
				F4FE21922041A4A200FD72A7 /* SearcherPresenter.swift */,
				F4FE21932041A4A200FD72A7 /* SearcherWorker.swift */,
				F4FE21942041A4A200FD72A7 /* SearcherRouter.swift */,
				F4FE21952041A4A200FD72A7 /* SearcherModels.swift */,
				F4FE21962041A4A200FD72A7 /* SearcherViewController.swift */,
				F4FE21972041A4A200FD72A7 /* SearcherInteractor.swift */,
			);
			path = searcher;
			sourceTree = "<group>";
		};
		F4FE218D2041963300FD72A7 /* details */ = {
			isa = PBXGroup;
			children = (
				F4FE218E20419E6800FD72A7 /* Details.storyboard */,
				F4FE21A22041A66A00FD72A7 /* DetailsPresenter.swift */,
				F4FE21A32041A66A00FD72A7 /* DetailsWorker.swift */,
				F4FE21A42041A66A00FD72A7 /* DetailsRouter.swift */,
				F4FE21A52041A66A00FD72A7 /* DetailsModels.swift */,
				F4FE21A62041A66A00FD72A7 /* DetailsViewController.swift */,
				F4FE21A72041A66A00FD72A7 /* DetailsInteractor.swift */,
			);
			path = details;
			sourceTree = "<group>";
		};
		F4FE21B32041ADF200FD72A7 /* extensions */ = {
			isa = PBXGroup;
			children = (
				F4FE21B62041AE1100FD72A7 /* UIViewExtension.swift */,
			);
			path = extensions;
			sourceTree = "<group>";
		};
		F4FE21B82041AF4F00FD72A7 /* enums */ = {
			isa = PBXGroup;
			children = (
				F4FE21BA2041AF7D00FD72A7 /* ShadowSide.swift */,
			);
			path = enums;
			sourceTree = "<group>";
		};
/* End PBXGroup section */

/* Begin PBXNativeTarget section */
		F4FE214720417C0C00FD72A7 /* GitHubSearcher */ = {
			isa = PBXNativeTarget;
			buildConfigurationList = F4FE215A20417C0C00FD72A7 /* Build configuration list for PBXNativeTarget "GitHubSearcher" */;
			buildPhases = (
				3C94BC5E3026A1458206F22A /* [CP] Check Pods Manifest.lock */,
				F4FE214420417C0C00FD72A7 /* Sources */,
				F4FE214520417C0C00FD72A7 /* Frameworks */,
				F4FE214620417C0C00FD72A7 /* Resources */,
				AD1C151776BE6233580F4AAD /* [CP] Embed Pods Frameworks */,
				4331879203833549A52ED107 /* [CP] Copy Pods Resources */,
			);
			buildRules = (
			);
			dependencies = (
			);
			name = GitHubSearcher;
			productName = GitHubSearcher;
			productReference = F4FE214820417C0C00FD72A7 /* GitHubSearcher.app */;
			productType = "com.apple.product-type.application";
		};
/* End PBXNativeTarget section */

/* Begin PBXProject section */
		F4FE214020417C0C00FD72A7 /* Project object */ = {
			isa = PBXProject;
			attributes = {
				LastSwiftUpdateCheck = 0920;
				LastUpgradeCheck = 0920;
				ORGANIZATIONNAME = cookieIT;
				TargetAttributes = {
					F4FE214720417C0C00FD72A7 = {
						CreatedOnToolsVersion = 9.2;
						ProvisioningStyle = Automatic;
					};
				};
			};
			buildConfigurationList = F4FE214320417C0C00FD72A7 /* Build configuration list for PBXProject "GitHubSearcher" */;
			compatibilityVersion = "Xcode 8.0";
			developmentRegion = en;
			hasScannedForEncodings = 0;
			knownRegions = (
				en,
				Base,
			);
			mainGroup = F4FE213F20417C0C00FD72A7;
			productRefGroup = F4FE214920417C0C00FD72A7 /* Products */;
			projectDirPath = "";
			projectReferences = (
				{
					ProductGroup = F4FE217D2041914700FD72A7 /* Products */;
					ProjectRef = F4FE217C2041914700FD72A7 /* Pods.xcodeproj */;
				},
			);
			projectRoot = "";
			targets = (
				F4FE214720417C0C00FD72A7 /* GitHubSearcher */,
			);
		};
/* End PBXProject section */

/* Begin PBXReferenceProxy section */
		F4FE21822041914700FD72A7 /* Alamofire.framework */ = {
			isa = PBXReferenceProxy;
			fileType = wrapper.framework;
			path = Alamofire.framework;
			remoteRef = F4FE21812041914700FD72A7 /* PBXContainerItemProxy */;
			sourceTree = BUILT_PRODUCTS_DIR;
		};
		F4FE21842041914700FD72A7 /* Pods_GitHubSearcher.framework */ = {
			isa = PBXReferenceProxy;
			fileType = wrapper.framework;
			path = Pods_GitHubSearcher.framework;
			remoteRef = F4FE21832041914700FD72A7 /* PBXContainerItemProxy */;
			sourceTree = BUILT_PRODUCTS_DIR;
		};
/* End PBXReferenceProxy section */

/* Begin PBXResourcesBuildPhase section */
		F4FE214620417C0C00FD72A7 /* Resources */ = {
			isa = PBXResourcesBuildPhase;
			buildActionMask = 2147483647;
			files = (
				F4FE218F20419E6800FD72A7 /* Details.storyboard in Resources */,
				F4FE215620417C0C00FD72A7 /* LaunchScreen.storyboard in Resources */,
				F4FE215320417C0C00FD72A7 /* Assets.xcassets in Resources */,
				F4FE215120417C0C00FD72A7 /* Main.storyboard in Resources */,
				F4FE218C204195AA00FD72A7 /* Searcher.storyboard in Resources */,
			);
			runOnlyForDeploymentPostprocessing = 0;
		};
/* End PBXResourcesBuildPhase section */

/* Begin PBXShellScriptBuildPhase section */
		3C94BC5E3026A1458206F22A /* [CP] Check Pods Manifest.lock */ = {
			isa = PBXShellScriptBuildPhase;
			buildActionMask = 2147483647;
			files = (
			);
			inputPaths = (
				"${PODS_PODFILE_DIR_PATH}/Podfile.lock",
				"${PODS_ROOT}/Manifest.lock",
			);
			name = "[CP] Check Pods Manifest.lock";
			outputPaths = (
				"$(DERIVED_FILE_DIR)/Pods-GitHubSearcher-checkManifestLockResult.txt",
			);
			runOnlyForDeploymentPostprocessing = 0;
			shellPath = /bin/sh;
			shellScript = "diff \"${PODS_PODFILE_DIR_PATH}/Podfile.lock\" \"${PODS_ROOT}/Manifest.lock\" > /dev/null\nif [ $? != 0 ] ; then\n    # print error to STDERR\n    echo \"error: The sandbox is not in sync with the Podfile.lock. Run 'pod install' or update your CocoaPods installation.\" >&2\n    exit 1\nfi\n# This output is used by Xcode 'outputs' to avoid re-running this script phase.\necho \"SUCCESS\" > \"${SCRIPT_OUTPUT_FILE_0}\"\n";
			showEnvVarsInLog = 0;
		};
		4331879203833549A52ED107 /* [CP] Copy Pods Resources */ = {
			isa = PBXShellScriptBuildPhase;
			buildActionMask = 2147483647;
			files = (
			);
			inputPaths = (
			);
			name = "[CP] Copy Pods Resources";
			outputPaths = (
			);
			runOnlyForDeploymentPostprocessing = 0;
			shellPath = /bin/sh;
			shellScript = "\"${SRCROOT}/Pods/Target Support Files/Pods-GitHubSearcher/Pods-GitHubSearcher-resources.sh\"\n";
			showEnvVarsInLog = 0;
		};
		AD1C151776BE6233580F4AAD /* [CP] Embed Pods Frameworks */ = {
			isa = PBXShellScriptBuildPhase;
			buildActionMask = 2147483647;
			files = (
			);
			inputPaths = (
				"${SRCROOT}/Pods/Target Support Files/Pods-GitHubSearcher/Pods-GitHubSearcher-frameworks.sh",
				"${BUILT_PRODUCTS_DIR}/Alamofire/Alamofire.framework",
			);
			name = "[CP] Embed Pods Frameworks";
			outputPaths = (
				"${TARGET_BUILD_DIR}/${FRAMEWORKS_FOLDER_PATH}/Alamofire.framework",
			);
			runOnlyForDeploymentPostprocessing = 0;
			shellPath = /bin/sh;
			shellScript = "\"${SRCROOT}/Pods/Target Support Files/Pods-GitHubSearcher/Pods-GitHubSearcher-frameworks.sh\"\n";
			showEnvVarsInLog = 0;
		};
/* End PBXShellScriptBuildPhase section */

/* Begin PBXSourcesBuildPhase section */
		F4FE214420417C0C00FD72A7 /* Sources */ = {
			isa = PBXSourcesBuildPhase;
			buildActionMask = 2147483647;
			files = (
				F4FE21B72041AE1100FD72A7 /* UIViewExtension.swift in Sources */,
				F4FE21AB2041A66A00FD72A7 /* DetailsModels.swift in Sources */,
				F4FE21AD2041A66A00FD72A7 /* DetailsInteractor.swift in Sources */,
				F4FE21AA2041A66A00FD72A7 /* DetailsRouter.swift in Sources */,
				F4FE219C2041A4A200FD72A7 /* SearcherViewController.swift in Sources */,
				F4FE219B2041A4A200FD72A7 /* SearcherModels.swift in Sources */,
				F4FE21BB2041AF7D00FD72A7 /* ShadowSide.swift in Sources */,
				F4FE214C20417C0C00FD72A7 /* AppDelegate.swift in Sources */,
				F4FE219D2041A4A200FD72A7 /* SearcherInteractor.swift in Sources */,
				F4FE21A92041A66A00FD72A7 /* DetailsWorker.swift in Sources */,
				F4FE21862041915C00FD72A7 /* GitHubApiService.swift in Sources */,
				F4FE21992041A4A200FD72A7 /* SearcherWorker.swift in Sources */,
				F4FE21982041A4A200FD72A7 /* SearcherPresenter.swift in Sources */,
				F4FE219A2041A4A200FD72A7 /* SearcherRouter.swift in Sources */,
				F4FE21AC2041A66A00FD72A7 /* DetailsViewController.swift in Sources */,
				F4FE21A82041A66A00FD72A7 /* DetailsPresenter.swift in Sources */,
			);
			runOnlyForDeploymentPostprocessing = 0;
		};
/* End PBXSourcesBuildPhase section */

/* Begin PBXVariantGroup section */
		F4FE214F20417C0C00FD72A7 /* Main.storyboard */ = {
			isa = PBXVariantGroup;
			children = (
				F4FE215020417C0C00FD72A7 /* Base */,
			);
			name = Main.storyboard;
			sourceTree = "<group>";
		};
		F4FE215420417C0C00FD72A7 /* LaunchScreen.storyboard */ = {
			isa = PBXVariantGroup;
			children = (
				F4FE215520417C0C00FD72A7 /* Base */,
			);
			name = LaunchScreen.storyboard;
			sourceTree = "<group>";
		};
/* End PBXVariantGroup section */

/* Begin XCBuildConfiguration section */
		F4FE215820417C0C00FD72A7 /* Debug */ = {
			isa = XCBuildConfiguration;
			buildSettings = {
				ALWAYS_SEARCH_USER_PATHS = NO;
				CLANG_ANALYZER_NONNULL = YES;
				CLANG_ANALYZER_NUMBER_OBJECT_CONVERSION = YES_AGGRESSIVE;
				CLANG_CXX_LANGUAGE_STANDARD = "gnu++14";
				CLANG_CXX_LIBRARY = "libc++";
				CLANG_ENABLE_MODULES = YES;
				CLANG_ENABLE_OBJC_ARC = YES;
				CLANG_WARN_BLOCK_CAPTURE_AUTORELEASING = YES;
				CLANG_WARN_BOOL_CONVERSION = YES;
				CLANG_WARN_COMMA = YES;
				CLANG_WARN_CONSTANT_CONVERSION = YES;
				CLANG_WARN_DIRECT_OBJC_ISA_USAGE = YES_ERROR;
				CLANG_WARN_DOCUMENTATION_COMMENTS = YES;
				CLANG_WARN_EMPTY_BODY = YES;
				CLANG_WARN_ENUM_CONVERSION = YES;
				CLANG_WARN_INFINITE_RECURSION = YES;
				CLANG_WARN_INT_CONVERSION = YES;
				CLANG_WARN_NON_LITERAL_NULL_CONVERSION = YES;
				CLANG_WARN_OBJC_LITERAL_CONVERSION = YES;
				CLANG_WARN_OBJC_ROOT_CLASS = YES_ERROR;
				CLANG_WARN_RANGE_LOOP_ANALYSIS = YES;
				CLANG_WARN_STRICT_PROTOTYPES = YES;
				CLANG_WARN_SUSPICIOUS_MOVE = YES;
				CLANG_WARN_UNGUARDED_AVAILABILITY = YES_AGGRESSIVE;
				CLANG_WARN_UNREACHABLE_CODE = YES;
				CLANG_WARN__DUPLICATE_METHOD_MATCH = YES;
				CODE_SIGN_IDENTITY = "iPhone Developer";
				COPY_PHASE_STRIP = NO;
				DEBUG_INFORMATION_FORMAT = dwarf;
				ENABLE_STRICT_OBJC_MSGSEND = YES;
				ENABLE_TESTABILITY = YES;
				GCC_C_LANGUAGE_STANDARD = gnu11;
				GCC_DYNAMIC_NO_PIC = NO;
				GCC_NO_COMMON_BLOCKS = YES;
				GCC_OPTIMIZATION_LEVEL = 0;
				GCC_PREPROCESSOR_DEFINITIONS = (
					"DEBUG=1",
					"$(inherited)",
				);
				GCC_WARN_64_TO_32_BIT_CONVERSION = YES;
				GCC_WARN_ABOUT_RETURN_TYPE = YES_ERROR;
				GCC_WARN_UNDECLARED_SELECTOR = YES;
				GCC_WARN_UNINITIALIZED_AUTOS = YES_AGGRESSIVE;
				GCC_WARN_UNUSED_FUNCTION = YES;
				GCC_WARN_UNUSED_VARIABLE = YES;
				IPHONEOS_DEPLOYMENT_TARGET = 11.2;
				MTL_ENABLE_DEBUG_INFO = YES;
				ONLY_ACTIVE_ARCH = YES;
				SDKROOT = iphoneos;
				SWIFT_ACTIVE_COMPILATION_CONDITIONS = DEBUG;
				SWIFT_OPTIMIZATION_LEVEL = "-Onone";
			};
			name = Debug;
		};
		F4FE215920417C0C00FD72A7 /* Release */ = {
			isa = XCBuildConfiguration;
			buildSettings = {
				ALWAYS_SEARCH_USER_PATHS = NO;
				CLANG_ANALYZER_NONNULL = YES;
				CLANG_ANALYZER_NUMBER_OBJECT_CONVERSION = YES_AGGRESSIVE;
				CLANG_CXX_LANGUAGE_STANDARD = "gnu++14";
				CLANG_CXX_LIBRARY = "libc++";
				CLANG_ENABLE_MODULES = YES;
				CLANG_ENABLE_OBJC_ARC = YES;
				CLANG_WARN_BLOCK_CAPTURE_AUTORELEASING = YES;
				CLANG_WARN_BOOL_CONVERSION = YES;
				CLANG_WARN_COMMA = YES;
				CLANG_WARN_CONSTANT_CONVERSION = YES;
				CLANG_WARN_DIRECT_OBJC_ISA_USAGE = YES_ERROR;
				CLANG_WARN_DOCUMENTATION_COMMENTS = YES;
				CLANG_WARN_EMPTY_BODY = YES;
				CLANG_WARN_ENUM_CONVERSION = YES;
				CLANG_WARN_INFINITE_RECURSION = YES;
				CLANG_WARN_INT_CONVERSION = YES;
				CLANG_WARN_NON_LITERAL_NULL_CONVERSION = YES;
				CLANG_WARN_OBJC_LITERAL_CONVERSION = YES;
				CLANG_WARN_OBJC_ROOT_CLASS = YES_ERROR;
				CLANG_WARN_RANGE_LOOP_ANALYSIS = YES;
				CLANG_WARN_STRICT_PROTOTYPES = YES;
				CLANG_WARN_SUSPICIOUS_MOVE = YES;
				CLANG_WARN_UNGUARDED_AVAILABILITY = YES_AGGRESSIVE;
				CLANG_WARN_UNREACHABLE_CODE = YES;
				CLANG_WARN__DUPLICATE_METHOD_MATCH = YES;
				CODE_SIGN_IDENTITY = "iPhone Developer";
				COPY_PHASE_STRIP = NO;
				DEBUG_INFORMATION_FORMAT = "dwarf-with-dsym";
				ENABLE_NS_ASSERTIONS = NO;
				ENABLE_STRICT_OBJC_MSGSEND = YES;
				GCC_C_LANGUAGE_STANDARD = gnu11;
				GCC_NO_COMMON_BLOCKS = YES;
				GCC_WARN_64_TO_32_BIT_CONVERSION = YES;
				GCC_WARN_ABOUT_RETURN_TYPE = YES_ERROR;
				GCC_WARN_UNDECLARED_SELECTOR = YES;
				GCC_WARN_UNINITIALIZED_AUTOS = YES_AGGRESSIVE;
				GCC_WARN_UNUSED_FUNCTION = YES;
				GCC_WARN_UNUSED_VARIABLE = YES;
				IPHONEOS_DEPLOYMENT_TARGET = 11.2;
				MTL_ENABLE_DEBUG_INFO = NO;
				SDKROOT = iphoneos;
				SWIFT_OPTIMIZATION_LEVEL = "-Owholemodule";
				VALIDATE_PRODUCT = YES;
			};
			name = Release;
		};
		F4FE215B20417C0C00FD72A7 /* Debug */ = {
			isa = XCBuildConfiguration;
			baseConfigurationReference = DDD169C8C532B68570DF789C /* Pods-GitHubSearcher.debug.xcconfig */;
			buildSettings = {
				ASSETCATALOG_COMPILER_APPICON_NAME = AppIcon;
				CODE_SIGN_STYLE = Automatic;
				DEVELOPMENT_TEAM = 3WX8N7V925;
				INFOPLIST_FILE = GitHubSearcher/Info.plist;
				LD_RUNPATH_SEARCH_PATHS = "$(inherited) @executable_path/Frameworks";
				PRODUCT_BUNDLE_IDENTIFIER = pl.cookieIT.GitHubSearcher;
				PRODUCT_NAME = "$(TARGET_NAME)";
				SWIFT_VERSION = 4.0;
				TARGETED_DEVICE_FAMILY = "1,2";
			};
			name = Debug;
		};
		F4FE215C20417C0C00FD72A7 /* Release */ = {
			isa = XCBuildConfiguration;
			baseConfigurationReference = 7BECB81967B79B96D8D0BF7B /* Pods-GitHubSearcher.release.xcconfig */;
			buildSettings = {
				ASSETCATALOG_COMPILER_APPICON_NAME = AppIcon;
				CODE_SIGN_STYLE = Automatic;
				DEVELOPMENT_TEAM = 3WX8N7V925;
				INFOPLIST_FILE = GitHubSearcher/Info.plist;
				LD_RUNPATH_SEARCH_PATHS = "$(inherited) @executable_path/Frameworks";
				PRODUCT_BUNDLE_IDENTIFIER = pl.cookieIT.GitHubSearcher;
				PRODUCT_NAME = "$(TARGET_NAME)";
				SWIFT_VERSION = 4.0;
				TARGETED_DEVICE_FAMILY = "1,2";
			};
			name = Release;
		};
/* End XCBuildConfiguration section */

/* Begin XCConfigurationList section */
		F4FE214320417C0C00FD72A7 /* Build configuration list for PBXProject "GitHubSearcher" */ = {
			isa = XCConfigurationList;
			buildConfigurations = (
				F4FE215820417C0C00FD72A7 /* Debug */,
				F4FE215920417C0C00FD72A7 /* Release */,
			);
			defaultConfigurationIsVisible = 0;
			defaultConfigurationName = Release;
		};
		F4FE215A20417C0C00FD72A7 /* Build configuration list for PBXNativeTarget "GitHubSearcher" */ = {
			isa = XCConfigurationList;
			buildConfigurations = (
				F4FE215B20417C0C00FD72A7 /* Debug */,
				F4FE215C20417C0C00FD72A7 /* Release */,
			);
			defaultConfigurationIsVisible = 0;
			defaultConfigurationName = Release;
		};
/* End XCConfigurationList section */
	};
	rootObject = F4FE214020417C0C00FD72A7 /* Project object */;
}
